
Microsoft Visual Studio Solution File, Format Version 12.00
# Visual Studio Version 16
VisualStudioVersion = 16.0.31025.194
MinimumVisualStudioVersion = 10.0.40219.1
Project("{9A19103F-16F7-4668-BE54-9A1E7A4F7556}") = "Server", "Server\Server.csproj", "{8632BE36-3941-44D1-A8DC-D2E7FA7F5224}"
EndProject
Project("{9A19103F-16F7-4668-BE54-9A1E7A4F7556}") = "Encryption", "..\SharedProjects\Encryption\Encryption.csproj", "{36A0DD78-7FAC-4087-9EA8-759A0AA7BA50}"
EndProject
Global
	GlobalSection(SolutionConfigurationPlatforms) = preSolution
		Debug|Any CPU = Debug|Any CPU
		Release|Any CPU = Release|Any CPU
	EndGlobalSection
	GlobalSection(ProjectConfigurationPlatforms) = postSolution
		{8632BE36-3941-44D1-A8DC-D2E7FA7F5224}.Debug|Any CPU.ActiveCfg = Debug|Any CPU
		{8632BE36-3941-44D1-A8DC-D2E7FA7F5224}.Debug|Any CPU.Build.0 = Debug|Any CPU
		{8632BE36-3941-44D1-A8DC-D2E7FA7F5224}.Release|Any CPU.ActiveCfg = Release|Any CPU
		{8632BE36-3941-44D1-A8DC-D2E7FA7F5224}.Release|Any CPU.Build.0 = Release|Any CPU
		{36A0DD78-7FAC-4087-9EA8-759A0AA7BA50}.Debug|Any CPU.ActiveCfg = Debug|Any CPU
		{36A0DD78-7FAC-4087-9EA8-759A0AA7BA50}.Debug|Any CPU.Build.0 = Debug|Any CPU
		{36A0DD78-7FAC-4087-9EA8-759A0AA7BA50}.Release|Any CPU.ActiveCfg = Release|Any CPU
		{36A0DD78-7FAC-4087-9EA8-759A0AA7BA50}.Release|Any CPU.Build.0 = Release|Any CPU
	EndGlobalSection
	GlobalSection(SolutionProperties) = preSolution
		HideSolutionNode = FALSE
	EndGlobalSection
	GlobalSection(ExtensibilityGlobals) = postSolution
		SolutionGuid = {25899E68-EBEA-44CE-A503-772DE5DD7E75}
	EndGlobalSection
EndGlobal
